
Microsoft Visual Studio Solution File, Format Version 12.00
# Visual Studio 2012
Project("{FAE04EC0-301F-11D3-BF4B-00C04F79EFBC}") = "MVCRegistration", "MVCRegistration\MVCRegistration.csproj", "{7F7232A2-525B-4DB7-90C6-5B151460585E}"
EndProject
Global
	GlobalSection(SolutionConfigurationPlatforms) = preSolution
		Debug|Any CPU = Debug|Any CPU
		Release|Any CPU = Release|Any CPU
	EndGlobalSection
	GlobalSection(ProjectConfigurationPlatforms) = postSolution
		{7F7232A2-525B-4DB7-90C6-5B151460585E}.Debug|Any CPU.ActiveCfg = Debug|Any CPU
		{7F7232A2-525B-4DB7-90C6-5B151460585E}.Debug|Any CPU.Build.0 = Debug|Any CPU
		{7F7232A2-525B-4DB7-90C6-5B151460585E}.Release|Any CPU.ActiveCfg = Release|Any CPU
		{7F7232A2-525B-4DB7-90C6-5B151460585E}.Release|Any CPU.Build.0 = Release|Any CPU
	EndGlobalSection
	GlobalSection(SolutionProperties) = preSolution
		HideSolutionNode = FALSE
	EndGlobalSection
	GlobalSection(ExtensibilityGlobals) = postSolution
		SolutionGuid = {62C50FEF-DAF5-42D8-8825-4A305BEB6CEA}
	EndGlobalSection
EndGlobal
